
Microsoft Visual Studio Solution File, Format Version 12.00
# Visual Studio 15
VisualStudioVersion = 15.0.27130.2027
MinimumVisualStudioVersion = 10.0.40219.1
Project("{FAE04EC0-301F-11D3-BF4B-00C04F79EFBC}") = "SpaceInvaders", "SpaceInvaders\SpaceInvaders.csproj", "{E65A1B90-A816-4443-9820-37D480E73C81}"
EndProject
Global
	GlobalSection(SolutionConfigurationPlatforms) = preSolution
		Debug|x86 = Debug|x86
		Release|x86 = Release|x86
	EndGlobalSection
	GlobalSection(ProjectConfigurationPlatforms) = postSolution
		{E65A1B90-A816-4443-9820-37D480E73C81}.Debug|x86.ActiveCfg = Debug|x86
		{E65A1B90-A816-4443-9820-37D480E73C81}.Debug|x86.Build.0 = Debug|x86
		{E65A1B90-A816-4443-9820-37D480E73C81}.Release|x86.ActiveCfg = Release|x86
		{E65A1B90-A816-4443-9820-37D480E73C81}.Release|x86.Build.0 = Release|x86
	EndGlobalSection
	GlobalSection(SolutionProperties) = preSolution
		HideSolutionNode = FALSE
	EndGlobalSection
	GlobalSection(ExtensibilityGlobals) = postSolution
		SolutionGuid = {E58547B1-68E5-49D8-A855-4BF39BAC62A6}
	EndGlobalSection
EndGlobal
